# generated by rye
# use `rye lock` or `rye sync` to update this lockfile
#
# last locked with the following flags:
#   pre: false
#   features: []
#   all-features: false
#   with-sources: false
#   generate-hashes: false
#   universal: false

-e file:.
azure-common==1.1.28
    # via azure-communication-email
azure-communication-email==1.0.0
    # via dp-email
azure-core==1.30.2
    # via azure-identity
    # via azure-keyvault-secrets
    # via azure-mgmt-core
    # via msrest
azure-identity==1.17.0
    # via dp-email
azure-keyvault-secrets==4.8.0
    # via dp-email
azure-mgmt-core==1.4.0
    # via azure-communication-email
certifi==2024.6.2
    # via msrest
    # via requests
cffi==1.16.0
    # via cryptography
charset-normalizer==3.3.2
    # via requests
cryptography==42.0.8
    # via azure-identity
    # via msal
    # via pyjwt
idna==3.7
    # via requests
isodate==0.6.1
    # via azure-keyvault-secrets
    # via msrest
loguru==0.7.2
    # via dp-email
msal==1.28.1
    # via azure-identity
    # via msal-extensions
msal-extensions==1.1.0
    # via azure-identity
msrest==0.7.1
    # via azure-communication-email
oauthlib==3.2.2
    # via requests-oauthlib
packaging==24.1
    # via msal-extensions
portalocker==2.8.2
    # via msal-extensions
pycparser==2.22
    # via cffi
pyjwt==2.8.0
    # via msal
requests==2.32.3
    # via azure-core
    # via msal
    # via msrest
    # via requests-oauthlib
requests-oauthlib==2.0.0
    # via msrest
six==1.16.0
    # via azure-core
    # via isodate
typing-extensions==4.12.2
    # via azure-core
    # via azure-identity
    # via azure-keyvault-secrets
urllib3==2.2.2
    # via requests
